{
  "nodes": {
    "bad_gateway": {
      "inputs": {
        "nixpkgs": [
          "nixpkgs"
        ],
        "systems": "systems"
      },
      "locked": {
        "lastModified": 1717621519,
        "narHash": "sha256-70sYTCWFEOMA4sNoAtY3Dp7fc8ipwIfZX6prq3Z8vhA=",
        "owner": "mguentner",
        "repo": "bad_gateway",
        "rev": "bc445ecfd50a86672e05fbf7fcd04d36656dcf2a",
        "type": "github"
      },
      "original": {
        "owner": "mguentner",
        "repo": "bad_gateway",
        "type": "github"
      }
    },
    "base16-schemes": {
      "flake": false,
      "locked": {
        "lastModified": 1696158499,
        "narHash": "sha256-5yIHgDTPjoX/3oDEfLSQ0eJZdFL1SaCfb9d6M0RmOTM=",
        "owner": "tinted-theming",
        "repo": "base16-schemes",
        "rev": "a9112eaae86d9dd8ee6bb9445b664fba2f94037a",
        "type": "github"
      },
      "original": {
        "owner": "tinted-theming",
        "repo": "base16-schemes",
        "type": "github"
      }
    },
    "crane": {
      "locked": {
        "lastModified": 1746291859,
        "narHash": "sha256-DdWJLA+D5tcmrRSg5Y7tp/qWaD05ATI4Z7h22gd1h7Q=",
        "owner": "ipetkov",
        "repo": "crane",
        "rev": "dfd9a8dfd09db9aad544c4d3b6c47b12562544a5",
        "type": "github"
      },
      "original": {
        "owner": "ipetkov",
        "repo": "crane",
        "type": "github"
      }
    },
    "disko": {
      "inputs": {
        "nixpkgs": [
          "nixpkgs"
        ]
      },
      "locked": {
        "lastModified": 1747274630,
        "narHash": "sha256-87RJwXbfOHyzTB9LYagAQ6vOZhszCvd8Gvudu+gf3qo=",
        "owner": "nix-community",
        "repo": "disko",
        "rev": "ec7c109a4f794fce09aad87239eab7f66540b888",
        "type": "github"
      },
      "original": {
        "owner": "nix-community",
        "repo": "disko",
        "type": "github"
      }
    },
    "flake-compat": {
      "locked": {
        "lastModified": 1747046372,
        "narHash": "sha256-CIVLLkVgvHYbgI2UpXvIIBJ12HWgX+fjA8Xf8PUmqCY=",
        "owner": "edolstra",
        "repo": "flake-compat",
        "rev": "9100a0f413b0c601e0533d1d94ffd501ce2e7885",
        "type": "github"
      },
      "original": {
        "owner": "edolstra",
        "repo": "flake-compat",
        "type": "github"
      }
    },
    "flake-compat_2": {
      "flake": false,
      "locked": {
        "lastModified": 1733328505,
        "narHash": "sha256-NeCCThCEP3eCl2l/+27kNNK7QrwZB1IJCrXfrbv5oqU=",
        "owner": "edolstra",
        "repo": "flake-compat",
        "rev": "ff81ac966bb2cae68946d5ed5fc4994f96d0ffec",
        "type": "github"
      },
      "original": {
        "owner": "edolstra",
        "repo": "flake-compat",
        "type": "github"
      }
    },
    "flake-parts": {
      "inputs": {
        "nixpkgs-lib": [
          "nixpkgs"
        ]
      },
      "locked": {
        "lastModified": 1743550720,
        "narHash": "sha256-hIshGgKZCgWh6AYJpJmRgFdR3WUbkY04o82X05xqQiY=",
        "owner": "hercules-ci",
        "repo": "flake-parts",
        "rev": "c621e8422220273271f52058f618c94e405bb0f5",
        "type": "github"
      },
      "original": {
        "owner": "hercules-ci",
        "repo": "flake-parts",
        "type": "github"
      }
    },
    "flake-root": {
      "locked": {
        "lastModified": 1723604017,
        "narHash": "sha256-rBtQ8gg+Dn4Sx/s+pvjdq3CB2wQNzx9XGFq/JVGCB6k=",
        "owner": "srid",
        "repo": "flake-root",
        "rev": "b759a56851e10cb13f6b8e5698af7b59c44be26e",
        "type": "github"
      },
      "original": {
        "owner": "srid",
        "repo": "flake-root",
        "type": "github"
      }
    },
    "flake-utils": {
      "inputs": {
        "systems": "systems_2"
      },
      "locked": {
        "lastModified": 1731533236,
        "narHash": "sha256-l0KFg5HjrsfsO/JpG+r7fRrqm12kzFHyUHqHCVpMMbI=",
        "owner": "numtide",
        "repo": "flake-utils",
        "rev": "11707dc2f618dd54ca8739b309ec4fc024de578b",
        "type": "github"
      },
      "original": {
        "owner": "numtide",
        "repo": "flake-utils",
        "type": "github"
      }
    },
    "git-hooks": {
      "inputs": {
        "flake-compat": [
          "flake-compat"
        ],
        "gitignore": "gitignore",
        "nixpkgs": [
          "nixpkgs"
        ]
      },
      "locked": {
        "lastModified": 1747372754,
        "narHash": "sha256-2Y53NGIX2vxfie1rOW0Qb86vjRZ7ngizoo+bnXU9D9k=",
        "owner": "cachix",
        "repo": "git-hooks.nix",
        "rev": "80479b6ec16fefd9c1db3ea13aeb038c60530f46",
        "type": "github"
      },
      "original": {
        "owner": "cachix",
        "repo": "git-hooks.nix",
        "type": "github"
      }
    },
    "gitignore": {
      "inputs": {
        "nixpkgs": [
          "git-hooks",
          "nixpkgs"
        ]
      },
      "locked": {
        "lastModified": 1709087332,
        "narHash": "sha256-HG2cCnktfHsKV0s4XW83gU3F57gaTljL9KNSuG6bnQs=",
        "owner": "hercules-ci",
        "repo": "gitignore.nix",
        "rev": "637db329424fd7e46cf4185293b9cc8c88c95394",
        "type": "github"
      },
      "original": {
        "owner": "hercules-ci",
        "repo": "gitignore.nix",
        "type": "github"
      }
    },
    "home-manager": {
      "inputs": {
        "nixpkgs": [
          "nixpkgs"
        ]
      },
      "locked": {
        "lastModified": 1747374689,
        "narHash": "sha256-JT/aBZqmK1LbExzwT9cPkvxKc0IC4i6tZKOPjsSWFbI=",
        "owner": "nix-community",
        "repo": "home-manager",
        "rev": "d2263ce5f4c251c0f7608330e8fdb7d1f01f0667",
        "type": "github"
      },
      "original": {
        "owner": "nix-community",
        "repo": "home-manager",
        "type": "github"
      }
    },
    "ixx": {
      "inputs": {
        "flake-utils": [
          "nixvim",
          "nuschtosSearch",
          "flake-utils"
        ],
        "nixpkgs": [
          "nixvim",
          "nuschtosSearch",
          "nixpkgs"
        ]
      },
      "locked": {
        "lastModified": 1737371634,
        "narHash": "sha256-fTVAWzT1UMm1lT+YxHuVPtH+DATrhYfea3B0MxG/cGw=",
        "owner": "NuschtOS",
        "repo": "ixx",
        "rev": "a1176e2a10ce745ff8f63e4af124ece8fe0b1648",
        "type": "github"
      },
      "original": {
        "owner": "NuschtOS",
        "ref": "v0.0.7",
        "repo": "ixx",
        "type": "github"
      }
    },
    "lanzaboote": {
      "inputs": {
        "crane": "crane",
        "flake-compat": "flake-compat_2",
        "flake-parts": [
          "flake-parts"
        ],
        "nixpkgs": [
          "nixpkgs"
        ],
        "pre-commit-hooks-nix": [
          "git-hooks"
        ],
        "rust-overlay": "rust-overlay"
      },
      "locked": {
        "lastModified": 1747056319,
        "narHash": "sha256-qSKcBaISBozadtPq6BomnD+wIYTZIkiua3UuHLaD52c=",
        "owner": "nix-community",
        "repo": "lanzaboote",
        "rev": "2e425f3da6ce7f5b34fa6eaf7a2a7f78dbabcc85",
        "type": "github"
      },
      "original": {
        "owner": "nix-community",
        "ref": "master",
        "repo": "lanzaboote",
        "type": "github"
      }
    },
    "nix-colors": {
      "inputs": {
        "base16-schemes": "base16-schemes",
        "nixpkgs-lib": [
          "flake-parts",
          "nixpkgs-lib"
        ]
      },
      "locked": {
        "lastModified": 1707825078,
        "narHash": "sha256-hTfge2J2W+42SZ7VHXkf4kjU+qzFqPeC9k66jAUBMHk=",
        "owner": "misterio77",
        "repo": "nix-colors",
        "rev": "b01f024090d2c4fc3152cd0cf12027a7b8453ba1",
        "type": "github"
      },
      "original": {
        "owner": "misterio77",
        "repo": "nix-colors",
        "type": "github"
      }
    },
    "nix-index-database": {
      "inputs": {
        "nixpkgs": [
          "nixpkgs"
        ]
      },
      "locked": {
        "lastModified": 1746934494,
        "narHash": "sha256-3n6i+F0sDASjkhbvgFDpPDZGp7z19IrRtjfF9TwJpCA=",
        "owner": "nix-community",
        "repo": "nix-index-database",
        "rev": "e9b21b01e4307176b9718a29ac514838e7f6f4ff",
        "type": "github"
      },
      "original": {
        "owner": "nix-community",
        "repo": "nix-index-database",
        "type": "github"
      }
    },
    "nixd": {
      "inputs": {
        "flake-parts": [
          "flake-parts"
        ],
        "flake-root": [
          "flake-root"
        ],
        "nixpkgs": [
          "nixpkgs"
        ],
        "treefmt-nix": [
          "treefmt-nix"
        ]
      },
      "locked": {
        "lastModified": 1746955667,
        "narHash": "sha256-VgVbPqZl8S09EGWFmgX++aFsz0Z7VmskSJGBXFE4eEs=",
        "owner": "nix-community",
        "repo": "nixd",
        "rev": "7d19dfe5b65035aa255b83147375fdd8257459b9",
        "type": "github"
      },
      "original": {
        "owner": "nix-community",
        "repo": "nixd",
        "type": "github"
      }
    },
    "nixos-anywhere": {
      "inputs": {
        "disko": [
          "disko"
        ],
        "flake-parts": [
          "flake-parts"
        ],
        "nixos-images": "nixos-images",
        "nixos-stable": [
          "nixpkgs"
        ],
        "nixpkgs": [
          "nixpkgs"
        ],
        "treefmt-nix": [
          "treefmt-nix"
        ]
      },
      "locked": {
        "lastModified": 1746713092,
        "narHash": "sha256-BeIAHEaKUeKmIED4GohPz7OWRBithENyAgCNxgSaQvM=",
        "owner": "nix-community",
        "repo": "nixos-anywhere",
        "rev": "a0fd2b7c603b92f8f57b38fe2f2b96cd39f4dfc0",
        "type": "github"
      },
      "original": {
        "owner": "nix-community",
        "repo": "nixos-anywhere",
        "type": "github"
      }
    },
    "nixos-images": {
      "inputs": {
        "nixos-stable": [
          "nixos-anywhere",
          "nixos-stable"
        ],
        "nixos-unstable": [
          "nixos-anywhere",
          "nixpkgs"
        ]
      },
      "locked": {
        "lastModified": 1744853194,
        "narHash": "sha256-NBOdBdQdxb3FdM4Ywb4cATMLfFtkPqDYh0LIQMZ7eRY=",
        "owner": "nix-community",
        "repo": "nixos-images",
        "rev": "8f6f8060a13096934c2a502eb0508bdc3f1284a1",
        "type": "github"
      },
      "original": {
        "owner": "nix-community",
        "repo": "nixos-images",
        "type": "github"
      }
    },
    "nixpkgs": {
      "locked": {
        "lastModified": 1747369069,
        "narHash": "sha256-ijSyxbvVMV0G6FrGV3+yedO0mGYhLGPZYZpnAheBaQo=",
        "owner": "NixOS",
        "repo": "nixpkgs",
        "rev": "adfa8b0e75657c862acd0119ee42a69a6a6b2b4e",
        "type": "github"
      },
      "original": {
        "owner": "NixOS",
        "ref": "nixos-unstable-small",
        "repo": "nixpkgs",
        "type": "github"
      }
    },
    "nixvim": {
      "inputs": {
        "flake-parts": [
          "flake-parts"
        ],
        "nixpkgs": [
          "nixpkgs"
        ],
        "nuschtosSearch": "nuschtosSearch",
        "systems": "systems_3"
      },
      "locked": {
        "lastModified": 1747224967,
        "narHash": "sha256-we27kbNAAEeT0+PxJ2aUNVFXlJ7uvh4pxTc3R8RUqxA=",
        "owner": "nix-community",
        "repo": "nixvim",
        "rev": "95ca65c8d1adee5594bd14f527c68d564fb68879",
        "type": "github"
      },
      "original": {
        "owner": "nix-community",
        "repo": "nixvim",
        "type": "github"
      }
    },
    "nuschtosSearch": {
      "inputs": {
        "flake-utils": "flake-utils",
        "ixx": "ixx",
        "nixpkgs": [
          "nixvim",
          "nixpkgs"
        ]
      },
      "locked": {
        "lastModified": 1745046075,
        "narHash": "sha256-8v4y6k16Ra/fiecb4DxhsoOGtzLKgKlS+9/XJ9z0T2I=",
        "owner": "NuschtOS",
        "repo": "search",
        "rev": "066afe8643274470f4a294442aadd988356a478f",
        "type": "github"
      },
      "original": {
        "owner": "NuschtOS",
        "repo": "search",
        "type": "github"
      }
    },
    "openwrt-imagebuilder": {
      "inputs": {
        "flake-parts": [
          "flake-parts"
        ],
        "nixpkgs": [
          "nixpkgs"
        ],
        "systems": "systems_4"
      },
      "locked": {
        "lastModified": 1747383823,
        "narHash": "sha256-peZrura5SZHoXdriReTCh3j6x19s58xf4YOFyexZt08=",
        "owner": "Astro",
        "repo": "nix-openwrt-imagebuilder",
        "rev": "79c46bb72da76ae3bbac8e1975013c4f5b0f2610",
        "type": "github"
      },
      "original": {
        "owner": "Astro",
        "repo": "nix-openwrt-imagebuilder",
        "type": "github"
      }
    },
    "potatofox": {
      "flake": false,
      "locked": {
        "lastModified": 1743709562,
        "narHash": "sha256-Kx/NLIVQBD5qmZjCbaXwyVsLcSOflOaXW9UIl3T2gHI=",
        "ref": "refs/heads/main",
        "rev": "201bf4db8f042fc6c2fc26116cb77b96d11d5300",
        "revCount": 383,
        "type": "git",
        "url": "https://codeberg.org/awwpotato/potatofox"
      },
      "original": {
        "type": "git",
        "url": "https://codeberg.org/awwpotato/potatofox"
      }
    },
    "root": {
      "inputs": {
        "bad_gateway": "bad_gateway",
        "disko": "disko",
        "flake-compat": "flake-compat",
        "flake-parts": "flake-parts",
        "flake-root": "flake-root",
        "git-hooks": "git-hooks",
        "home-manager": "home-manager",
        "lanzaboote": "lanzaboote",
        "nix-colors": "nix-colors",
        "nix-index-database": "nix-index-database",
        "nixd": "nixd",
        "nixos-anywhere": "nixos-anywhere",
        "nixpkgs": "nixpkgs",
        "nixvim": "nixvim",
        "openwrt-imagebuilder": "openwrt-imagebuilder",
        "potatofox": "potatofox",
        "sops-nix": "sops-nix",
        "spicetify-nix": "spicetify-nix",
        "treefmt-nix": "treefmt-nix"
      }
    },
    "rust-overlay": {
      "inputs": {
        "nixpkgs": [
          "lanzaboote",
          "nixpkgs"
        ]
      },
      "locked": {
        "lastModified": 1747017456,
        "narHash": "sha256-C/U12fcO+HEF071b5mK65lt4XtAIZyJSSJAg9hdlvTk=",
        "owner": "oxalica",
        "repo": "rust-overlay",
        "rev": "5b07506ae89b025b14de91f697eba23b48654c52",
        "type": "github"
      },
      "original": {
        "owner": "oxalica",
        "repo": "rust-overlay",
        "type": "github"
      }
    },
    "sops-nix": {
      "inputs": {
        "nixpkgs": [
          "nixpkgs"
        ]
      },
      "locked": {
        "lastModified": 1746485181,
        "narHash": "sha256-PxrrSFLaC7YuItShxmYbMgSuFFuwxBB+qsl9BZUnRvg=",
        "owner": "Mic92",
        "repo": "sops-nix",
        "rev": "e93ee1d900ad264d65e9701a5c6f895683433386",
        "type": "github"
      },
      "original": {
        "owner": "Mic92",
        "repo": "sops-nix",
        "type": "github"
      }
    },
    "spicetify-nix": {
      "inputs": {
        "nixpkgs": [
          "nixpkgs"
        ],
        "systems": "systems_5"
      },
      "locked": {
        "lastModified": 1747355848,
        "narHash": "sha256-WpOTfGuObhpaI38+uHgaOwnMAjHMrdLrfs6D35fKwjk=",
        "owner": "Gerg-L",
        "repo": "spicetify-nix",
        "rev": "a2bc0d49449fc61ca2eb364d6189179059394483",
        "type": "github"
      },
      "original": {
        "owner": "Gerg-L",
        "repo": "spicetify-nix",
        "type": "github"
      }
    },
    "systems": {
      "locked": {
        "lastModified": 1681028828,
        "narHash": "sha256-Vy1rq5AaRuLzOxct8nz4T6wlgyUR7zLU309k9mBC768=",
        "owner": "nix-systems",
        "repo": "default",
        "rev": "da67096a3b9bf56a91d16901293e51ba5b49a27e",
        "type": "github"
      },
      "original": {
        "owner": "nix-systems",
        "repo": "default",
        "type": "github"
      }
    },
    "systems_2": {
      "locked": {
        "lastModified": 1681028828,
        "narHash": "sha256-Vy1rq5AaRuLzOxct8nz4T6wlgyUR7zLU309k9mBC768=",
        "owner": "nix-systems",
        "repo": "default",
        "rev": "da67096a3b9bf56a91d16901293e51ba5b49a27e",
        "type": "github"
      },
      "original": {
        "owner": "nix-systems",
        "repo": "default",
        "type": "github"
      }
    },
    "systems_3": {
      "locked": {
        "lastModified": 1681028828,
        "narHash": "sha256-Vy1rq5AaRuLzOxct8nz4T6wlgyUR7zLU309k9mBC768=",
        "owner": "nix-systems",
        "repo": "default",
        "rev": "da67096a3b9bf56a91d16901293e51ba5b49a27e",
        "type": "github"
      },
      "original": {
        "owner": "nix-systems",
        "repo": "default",
        "type": "github"
      }
    },
    "systems_4": {
      "locked": {
        "lastModified": 1680978846,
        "narHash": "sha256-Gtqg8b/v49BFDpDetjclCYXm8mAnTrUzR0JnE2nv5aw=",
        "owner": "nix-systems",
        "repo": "x86_64-linux",
        "rev": "2ecfcac5e15790ba6ce360ceccddb15ad16d08a8",
        "type": "github"
      },
      "original": {
        "owner": "nix-systems",
        "repo": "x86_64-linux",
        "type": "github"
      }
    },
    "systems_5": {
      "locked": {
        "lastModified": 1681028828,
        "narHash": "sha256-Vy1rq5AaRuLzOxct8nz4T6wlgyUR7zLU309k9mBC768=",
        "owner": "nix-systems",
        "repo": "default",
        "rev": "da67096a3b9bf56a91d16901293e51ba5b49a27e",
        "type": "github"
      },
      "original": {
        "owner": "nix-systems",
        "repo": "default",
        "type": "github"
      }
    },
    "treefmt-nix": {
      "inputs": {
        "nixpkgs": [
          "nixpkgs"
        ]
      },
      "locked": {
        "lastModified": 1747299117,
        "narHash": "sha256-JGjCVbxS+9t3tZ2IlPQ7sdqSM4c+KmIJOXVJPfWmVOU=",
        "owner": "numtide",
        "repo": "treefmt-nix",
        "rev": "e758f27436367c23bcd63cd973fa5e39254b530e",
        "type": "github"
      },
      "original": {
        "owner": "numtide",
        "repo": "treefmt-nix",
        "type": "github"
      }
    }
  },
  "root": "root",
  "version": 7
}
