{"version":4,"terraform_version":"1.11.5","serial":6,"lineage":"0dde01a5-2eff-d2d2-620f-64ecd833dbd6","outputs":{},"resources":[{"mode":"managed","type":"hcloud_zone","name":"geht","provider":"provider[\"registry.opentofu.org/hashicorp/hcloud\"]","instances":[{"schema_version":0,"attributes":{"authoritative_nameservers":{"assigned":["hydrogen.ns.hetzner.com.","oxygen.ns.hetzner.com.","helium.ns.hetzner.de."]},"delete_protection":false,"id":831748,"labels":{},"mode":"primary","name":"geht.jetzt","primary_nameservers":[],"registrar":"other","ttl":600},"sensitive_attributes":[]}]}],"check_results":null}
